
Microsoft Visual Studio Solution File, Format Version 11.00
# Visual Studio 2010
Project("{FAE04EC0-301F-11D3-BF4B-00C04F79EFBC}") = "Simple CalculatorApp", "Simple CalculatorApp\Simple CalculatorApp.csproj", "{F96EC74B-67A9-44A3-BFA9-E15ACAED64AA}"
EndProject
Global
	GlobalSection(SolutionConfigurationPlatforms) = preSolution
		Debug|x86 = Debug|x86
		Release|x86 = Release|x86
	EndGlobalSection
	GlobalSection(ProjectConfigurationPlatforms) = postSolution
		{F96EC74B-67A9-44A3-BFA9-E15ACAED64AA}.Debug|x86.ActiveCfg = Debug|x86
		{F96EC74B-67A9-44A3-BFA9-E15ACAED64AA}.Debug|x86.Build.0 = Debug|x86
		{F96EC74B-67A9-44A3-BFA9-E15ACAED64AA}.Release|x86.ActiveCfg = Release|x86
		{F96EC74B-67A9-44A3-BFA9-E15ACAED64AA}.Release|x86.Build.0 = Release|x86
	EndGlobalSection
	GlobalSection(SolutionProperties) = preSolution
		HideSolutionNode = FALSE
	EndGlobalSection
EndGlobal
